
Microsoft Visual Studio Solution File, Format Version 12.00
# Visual Studio Version 17
VisualStudioVersion = 17.5.002.0
MinimumVisualStudioVersion = 10.0.40219.1
Project("{9A19103F-16F7-4668-BE54-9A1E7A4F7556}") = "todo", "todo.csproj", "{3CA1FA57-D395-4E29-8296-AD353F767857}"
EndProject
Global
	GlobalSection(SolutionConfigurationPlatforms) = preSolution
		Debug|Any CPU = Debug|Any CPU
		Release|Any CPU = Release|Any CPU
	EndGlobalSection
	GlobalSection(ProjectConfigurationPlatforms) = postSolution
		{3CA1FA57-D395-4E29-8296-AD353F767857}.Debug|Any CPU.ActiveCfg = Debug|Any CPU
		{3CA1FA57-D395-4E29-8296-AD353F767857}.Debug|Any CPU.Build.0 = Debug|Any CPU
		{3CA1FA57-D395-4E29-8296-AD353F767857}.Release|Any CPU.ActiveCfg = Release|Any CPU
		{3CA1FA57-D395-4E29-8296-AD353F767857}.Release|Any CPU.Build.0 = Release|Any CPU
	EndGlobalSection
	GlobalSection(SolutionProperties) = preSolution
		HideSolutionNode = FALSE
	EndGlobalSection
	GlobalSection(ExtensibilityGlobals) = postSolution
		SolutionGuid = {43C52347-011D-4432-893C-37A92025E1FC}
	EndGlobalSection
EndGlobal
